Microsoft Visual Studio Solution File, Format Version 12.00
# Visual Studio 2012
Project("{FAE04EC0-301F-11D3-BF4B-00C04F79EFBC}") = "CProjectc", "CProjectc.csproj", "{2BEB46C3-FF31-4DDB-9455-A110E230BEFF}"
EndProject
Global
	GlobalSection(SolutionConfigurationPlatforms) = preSolution
	Debug|Any CPU = Debug|Any CPU
	ExportDebug|Any CPU = ExportDebug|Any CPU
	ExportRelease|Any CPU = ExportRelease|Any CPU
	EndGlobalSection
	GlobalSection(ProjectConfigurationPlatforms) = postSolution
		{2BEB46C3-FF31-4DDB-9455-A110E230BEFF}.Debug|Any CPU.ActiveCfg = Debug|Any CPU
		{2BEB46C3-FF31-4DDB-9455-A110E230BEFF}.Debug|Any CPU.Build.0 = Debug|Any CPU
		{2BEB46C3-FF31-4DDB-9455-A110E230BEFF}.ExportDebug|Any CPU.ActiveCfg = ExportDebug|Any CPU
		{2BEB46C3-FF31-4DDB-9455-A110E230BEFF}.ExportDebug|Any CPU.Build.0 = ExportDebug|Any CPU
		{2BEB46C3-FF31-4DDB-9455-A110E230BEFF}.ExportRelease|Any CPU.ActiveCfg = ExportRelease|Any CPU
		{2BEB46C3-FF31-4DDB-9455-A110E230BEFF}.ExportRelease|Any CPU.Build.0 = ExportRelease|Any CPU
	EndGlobalSection
EndGlobal
